
Microsoft Visual Studio Solution File, Format Version 12.00
# Visual Studio 2012
Project("{FAE04EC0-301F-11D3-BF4B-00C04F79EFBC}") = "XamMedia.iOS", "iOS\XamMedia.iOS.csproj", "{858F8D3E-FA3D-42D6-ACB6-A60AEFD78B91}"
EndProject
Project("{D954291E-2A0B-460D-934E-DC6B0785DB48}") = "XamMedia", "XamMedia\XamMedia.shproj", "{7246EF59-4EEE-486A-B302-FFB8B859A774}"
EndProject
Project("{FAE04EC0-301F-11D3-BF4B-00C04F79EFBC}") = "XamMedia.UITests", "XamMedia.UITests\XamMedia.UITests.csproj", "{CF13938E-F4A8-4529-AD0A-231AA9DA8962}"
EndProject
Global
	GlobalSection(SolutionConfigurationPlatforms) = preSolution
		Debug|Any CPU = Debug|Any CPU
		Release|Any CPU = Release|Any CPU
		Debug|iPhoneSimulator = Debug|iPhoneSimulator
		Release|iPhone = Release|iPhone
		Release|iPhoneSimulator = Release|iPhoneSimulator
		Debug|iPhone = Debug|iPhone
	EndGlobalSection
	GlobalSection(ProjectConfigurationPlatforms) = postSolution
		{858F8D3E-FA3D-42D6-ACB6-A60AEFD78B91}.Debug|Any CPU.ActiveCfg = Debug|iPhoneSimulator
		{858F8D3E-FA3D-42D6-ACB6-A60AEFD78B91}.Debug|Any CPU.Build.0 = Debug|iPhoneSimulator
		{858F8D3E-FA3D-42D6-ACB6-A60AEFD78B91}.Release|Any CPU.ActiveCfg = Release|iPhone
		{858F8D3E-FA3D-42D6-ACB6-A60AEFD78B91}.Release|Any CPU.Build.0 = Release|iPhone
		{858F8D3E-FA3D-42D6-ACB6-A60AEFD78B91}.Debug|iPhoneSimulator.ActiveCfg = Debug|iPhoneSimulator
		{858F8D3E-FA3D-42D6-ACB6-A60AEFD78B91}.Debug|iPhoneSimulator.Build.0 = Debug|iPhoneSimulator
		{858F8D3E-FA3D-42D6-ACB6-A60AEFD78B91}.Release|iPhone.ActiveCfg = Release|iPhone
		{858F8D3E-FA3D-42D6-ACB6-A60AEFD78B91}.Release|iPhone.Build.0 = Release|iPhone
		{858F8D3E-FA3D-42D6-ACB6-A60AEFD78B91}.Release|iPhoneSimulator.ActiveCfg = Release|iPhoneSimulator
		{858F8D3E-FA3D-42D6-ACB6-A60AEFD78B91}.Release|iPhoneSimulator.Build.0 = Release|iPhoneSimulator
		{858F8D3E-FA3D-42D6-ACB6-A60AEFD78B91}.Debug|iPhone.ActiveCfg = Debug|iPhone
		{858F8D3E-FA3D-42D6-ACB6-A60AEFD78B91}.Debug|iPhone.Build.0 = Debug|iPhone
		{CF13938E-F4A8-4529-AD0A-231AA9DA8962}.Debug|Any CPU.ActiveCfg = Debug|Any CPU
		{CF13938E-F4A8-4529-AD0A-231AA9DA8962}.Debug|Any CPU.Build.0 = Debug|Any CPU
		{CF13938E-F4A8-4529-AD0A-231AA9DA8962}.Release|Any CPU.ActiveCfg = Release|Any CPU
		{CF13938E-F4A8-4529-AD0A-231AA9DA8962}.Release|Any CPU.Build.0 = Release|Any CPU
		{CF13938E-F4A8-4529-AD0A-231AA9DA8962}.Debug|iPhoneSimulator.ActiveCfg = Debug|Any CPU
		{CF13938E-F4A8-4529-AD0A-231AA9DA8962}.Debug|iPhoneSimulator.Build.0 = Debug|Any CPU
		{CF13938E-F4A8-4529-AD0A-231AA9DA8962}.Release|iPhone.ActiveCfg = Release|Any CPU
		{CF13938E-F4A8-4529-AD0A-231AA9DA8962}.Release|iPhone.Build.0 = Release|Any CPU
		{CF13938E-F4A8-4529-AD0A-231AA9DA8962}.Release|iPhoneSimulator.ActiveCfg = Release|Any CPU
		{CF13938E-F4A8-4529-AD0A-231AA9DA8962}.Release|iPhoneSimulator.Build.0 = Release|Any CPU
		{CF13938E-F4A8-4529-AD0A-231AA9DA8962}.Debug|iPhone.ActiveCfg = Debug|Any CPU
		{CF13938E-F4A8-4529-AD0A-231AA9DA8962}.Debug|iPhone.Build.0 = Debug|Any CPU
	EndGlobalSection
EndGlobal
